// !$*UTF8*$!
{
	archiveVersion = 1;
	classes = {
	};
	objectVersion = 50;
	objects = {

/* Begin PBXBuildFile section */
		A97088A525A6262F008B3A90 /* AppDelegate.swift in Sources */ = {isa = PBXBuildFile; fileRef = A97088A425A6262F008B3A90 /* AppDelegate.swift */; };
		A97088A725A6262F008B3A90 /* SceneDelegate.swift in Sources */ = {isa = PBXBuildFile; fileRef = A97088A625A6262F008B3A90 /* SceneDelegate.swift */; };
		A97088A925A6262F008B3A90 /* ContentView.swift in Sources */ = {isa = PBXBuildFile; fileRef = A97088A825A6262F008B3A90 /* ContentView.swift */; };
		A97088AB25A6262F008B3A90 /* Assets.xcassets in Resources */ = {isa = PBXBuildFile; fileRef = A97088AA25A6262F008B3A90 /* Assets.xcassets */; };
		A97088AE25A6262F008B3A90 /* Preview Assets.xcassets in Resources */ = {isa = PBXBuildFile; fileRef = A97088AD25A6262F008B3A90 /* Preview Assets.xcassets */; };
		A97088B125A6262F008B3A90 /* LaunchScreen.storyboard in Resources */ = {isa = PBXBuildFile; fileRef = A97088AF25A6262F008B3A90 /* LaunchScreen.storyboard */; };
		A97088BC25A62630008B3A90 /* simpleEduAppTests.swift in Sources */ = {isa = PBXBuildFile; fileRef = A97088BB25A62630008B3A90 /* simpleEduAppTests.swift */; };
		A97088C725A62630008B3A90 /* simpleEduAppUITests.swift in Sources */ = {isa = PBXBuildFile; fileRef = A97088C625A62630008B3A90 /* simpleEduAppUITests.swift */; };
/* End PBXBuildFile section */

/* Begin PBXContainerItemProxy section */
		A97088B825A62630008B3A90 /* PBXContainerItemProxy */ = {
			isa = PBXContainerItemProxy;
			containerPortal = A970889925A6262F008B3A90 /* Project object */;
			proxyType = 1;
			remoteGlobalIDString = A97088A025A6262F008B3A90;
			remoteInfo = simpleEduApp;
		};
		A97088C325A62630008B3A90 /* PBXContainerItemProxy */ = {
			isa = PBXContainerItemProxy;
			containerPortal = A970889925A6262F008B3A90 /* Project object */;
			proxyType = 1;
			remoteGlobalIDString = A97088A025A6262F008B3A90;
			remoteInfo = simpleEduApp;
		};
/* End PBXContainerItemProxy section */

/* Begin PBXFileReference section */
		A97088A125A6262F008B3A90 /* simpleEduApp.app */ = {isa = PBXFileReference; explicitFileType = wrapper.application; includeInIndex = 0; path = simpleEduApp.app; sourceTree = BUILT_PRODUCTS_DIR; };
		A97088A425A6262F008B3A90 /* AppDelegate.swift */ = {isa = PBXFileReference; lastKnownFileType = sourcecode.swift; path = AppDelegate.swift; sourceTree = "<group>"; };
		A97088A625A6262F008B3A90 /* SceneDelegate.swift */ = {isa = PBXFileReference; lastKnownFileType = sourcecode.swift; path = SceneDelegate.swift; sourceTree = "<group>"; };
		A97088A825A6262F008B3A90 /* ContentView.swift */ = {isa = PBXFileReference; lastKnownFileType = sourcecode.swift; path = ContentView.swift; sourceTree = "<group>"; };
		A97088AA25A6262F008B3A90 /* Assets.xcassets */ = {isa = PBXFileReference; lastKnownFileType = folder.assetcatalog; path = Assets.xcassets; sourceTree = "<group>"; };
		A97088AD25A6262F008B3A90 /* Preview Assets.xcassets */ = {isa = PBXFileReference; lastKnownFileType = folder.assetcatalog; path = "Preview Assets.xcassets"; sourceTree = "<group>"; };
		A97088B025A6262F008B3A90 /* Base */ = {isa = PBXFileReference; lastKnownFileType = file.storyboard; name = Base; path = Base.lproj/LaunchScreen.storyboard; sourceTree = "<group>"; };
		A97088B225A6262F008B3A90 /* Info.plist */ = {isa = PBXFileReference; lastKnownFileType = text.plist.xml; path = Info.plist; sourceTree = "<group>"; };
		A97088B725A62630008B3A90 /* simpleEduAppTests.xctest */ = {isa = PBXFileReference; explicitFileType = wrapper.cfbundle; includeInIndex = 0; path = simpleEduAppTests.xctest; sourceTree = BUILT_PRODUCTS_DIR; };
		A97088BB25A62630008B3A90 /* simpleEduAppTests.swift */ = {isa = PBXFileReference; lastKnownFileType = sourcecode.swift; path = simpleEduAppTests.swift; sourceTree = "<group>"; };
		A97088BD25A62630008B3A90 /* Info.plist */ = {isa = PBXFileReference; lastKnownFileType = text.plist.xml; path = Info.plist; sourceTree = "<group>"; };
		A97088C225A62630008B3A90 /* simpleEduAppUITests.xctest */ = {isa = PBXFileReference; explicitFileType = wrapper.cfbundle; includeInIndex = 0; path = simpleEduAppUITests.xctest; sourceTree = BUILT_PRODUCTS_DIR; };
		A97088C625A62630008B3A90 /* simpleEduAppUITests.swift */ = {isa = PBXFileReference; lastKnownFileType = sourcecode.swift; path = simpleEduAppUITests.swift; sourceTree = "<group>"; };
		A97088C825A62630008B3A90 /* Info.plist */ = {isa = PBXFileReference; lastKnownFileType = text.plist.xml; path = Info.plist; sourceTree = "<group>"; };
/* End PBXFileReference section */

/* Begin PBXFrameworksBuildPhase section */
		A970889E25A6262F008B3A90 /* Frameworks */ = {
			isa = PBXFrameworksBuildPhase;
			buildActionMask = 2147483647;
			files = (
			);
			runOnlyForDeploymentPostprocessing = 0;
		};
		A97088B425A62630008B3A90 /* Frameworks */ = {
			isa = PBXFrameworksBuildPhase;
			buildActionMask = 2147483647;
			files = (
			);
			runOnlyForDeploymentPostprocessing = 0;
		};
		A97088BF25A62630008B3A90 /* Frameworks */ = {
			isa = PBXFrameworksBuildPhase;
			buildActionMask = 2147483647;
			files = (
			);
			runOnlyForDeploymentPostprocessing = 0;
		};
/* End PBXFrameworksBuildPhase section */

/* Begin PBXGroup section */
		A970889825A6262F008B3A90 = {
			isa = PBXGroup;
			children = (
				A97088A325A6262F008B3A90 /* simpleEduApp */,
				A97088BA25A62630008B3A90 /* simpleEduAppTests */,
				A97088C525A62630008B3A90 /* simpleEduAppUITests */,
				A97088A225A6262F008B3A90 /* Products */,
			);
			sourceTree = "<group>";
		};
		A97088A225A6262F008B3A90 /* Products */ = {
			isa = PBXGroup;
			children = (
				A97088A125A6262F008B3A90 /* simpleEduApp.app */,
				A97088B725A62630008B3A90 /* simpleEduAppTests.xctest */,
				A97088C225A62630008B3A90 /* simpleEduAppUITests.xctest */,
			);
			name = Products;
			sourceTree = "<group>";
		};
		A97088A325A6262F008B3A90 /* simpleEduApp */ = {
			isa = PBXGroup;
			children = (
				A97088A425A6262F008B3A90 /* AppDelegate.swift */,
				A97088A625A6262F008B3A90 /* SceneDelegate.swift */,
				A97088A825A6262F008B3A90 /* ContentView.swift */,
				A97088AA25A6262F008B3A90 /* Assets.xcassets */,
				A97088AF25A6262F008B3A90 /* LaunchScreen.storyboard */,
				A97088B225A6262F008B3A90 /* Info.plist */,
				A97088AC25A6262F008B3A90 /* Preview Content */,
			);
			path = simpleEduApp;
			sourceTree = "<group>";
		};
		A97088AC25A6262F008B3A90 /* Preview Content */ = {
			isa = PBXGroup;
			children = (
				A97088AD25A6262F008B3A90 /* Preview Assets.xcassets */,
			);
			path = "Preview Content";
			sourceTree = "<group>";
		};
		A97088BA25A62630008B3A90 /* simpleEduAppTests */ = {
			isa = PBXGroup;
			children = (
				A97088BB25A62630008B3A90 /* simpleEduAppTests.swift */,
				A97088BD25A62630008B3A90 /* Info.plist */,
			);
			path = simpleEduAppTests;
			sourceTree = "<group>";
		};
		A97088C525A62630008B3A90 /* simpleEduAppUITests */ = {
			isa = PBXGroup;
			children = (
				A97088C625A62630008B3A90 /* simpleEduAppUITests.swift */,
				A97088C825A62630008B3A90 /* Info.plist */,
			);
			path = simpleEduAppUITests;
			sourceTree = "<group>";
		};
/* End PBXGroup section */

/* Begin PBXNativeTarget section */
		A97088A025A6262F008B3A90 /* simpleEduApp */ = {
			isa = PBXNativeTarget;
			buildConfigurationList = A97088CB25A62630008B3A90 /* Build configuration list for PBXNativeTarget "simpleEduApp" */;
			buildPhases = (
				A970889D25A6262F008B3A90 /* Sources */,
				A970889E25A6262F008B3A90 /* Frameworks */,
				A970889F25A6262F008B3A90 /* Resources */,
			);
			buildRules = (
			);
			dependencies = (
			);
			name = simpleEduApp;
			productName = simpleEduApp;
			productReference = A97088A125A6262F008B3A90 /* simpleEduApp.app */;
			productType = "com.apple.product-type.application";
		};
		A97088B625A62630008B3A90 /* simpleEduAppTests */ = {
			isa = PBXNativeTarget;
			buildConfigurationList = A97088CE25A62630008B3A90 /* Build configuration list for PBXNativeTarget "simpleEduAppTests" */;
			buildPhases = (
				A97088B325A62630008B3A90 /* Sources */,
				A97088B425A62630008B3A90 /* Frameworks */,
				A97088B525A62630008B3A90 /* Resources */,
			);
			buildRules = (
			);
			dependencies = (
				A97088B925A62630008B3A90 /* PBXTargetDependency */,
			);
			name = simpleEduAppTests;
			productName = simpleEduAppTests;
			productReference = A97088B725A62630008B3A90 /* simpleEduAppTests.xctest */;
			productType = "com.apple.product-type.bundle.unit-test";
		};
		A97088C125A62630008B3A90 /* simpleEduAppUITests */ = {
			isa = PBXNativeTarget;
			buildConfigurationList = A97088D125A62630008B3A90 /* Build configuration list for PBXNativeTarget "simpleEduAppUITests" */;
			buildPhases = (
				A97088BE25A62630008B3A90 /* Sources */,
				A97088BF25A62630008B3A90 /* Frameworks */,
				A97088C025A62630008B3A90 /* Resources */,
			);
			buildRules = (
			);
			dependencies = (
				A97088C425A62630008B3A90 /* PBXTargetDependency */,
			);
			name = simpleEduAppUITests;
			productName = simpleEduAppUITests;
			productReference = A97088C225A62630008B3A90 /* simpleEduAppUITests.xctest */;
			productType = "com.apple.product-type.bundle.ui-testing";
		};
/* End PBXNativeTarget section */

/* Begin PBXProject section */
		A970889925A6262F008B3A90 /* Project object */ = {
			isa = PBXProject;
			attributes = {
				LastSwiftUpdateCheck = 1220;
				LastUpgradeCheck = 1220;
				TargetAttributes = {
					A97088A025A6262F008B3A90 = {
						CreatedOnToolsVersion = 12.2;
					};
					A97088B625A62630008B3A90 = {
						CreatedOnToolsVersion = 12.2;
						TestTargetID = A97088A025A6262F008B3A90;
					};
					A97088C125A62630008B3A90 = {
						CreatedOnToolsVersion = 12.2;
						TestTargetID = A97088A025A6262F008B3A90;
					};
				};
			};
			buildConfigurationList = A970889C25A6262F008B3A90 /* Build configuration list for PBXProject "simpleEduApp" */;
			compatibilityVersion = "Xcode 9.3";
			developmentRegion = en;
			hasScannedForEncodings = 0;
			knownRegions = (
				en,
				Base,
			);
			mainGroup = A970889825A6262F008B3A90;
			productRefGroup = A97088A225A6262F008B3A90 /* Products */;
			projectDirPath = "";
			projectRoot = "";
			targets = (
				A97088A025A6262F008B3A90 /* simpleEduApp */,
				A97088B625A62630008B3A90 /* simpleEduAppTests */,
				A97088C125A62630008B3A90 /* simpleEduAppUITests */,
			);
		};
/* End PBXProject section */

/* Begin PBXResourcesBuildPhase section */
		A970889F25A6262F008B3A90 /* Resources */ = {
			isa = PBXResourcesBuildPhase;
			buildActionMask = 2147483647;
			files = (
				A97088B125A6262F008B3A90 /* LaunchScreen.storyboard in Resources */,
				A97088AE25A6262F008B3A90 /* Preview Assets.xcassets in Resources */,
				A97088AB25A6262F008B3A90 /* Assets.xcassets in Resources */,
			);
			runOnlyForDeploymentPostprocessing = 0;
		};
		A97088B525A62630008B3A90 /* Resources */ = {
			isa = PBXResourcesBuildPhase;
			buildActionMask = 2147483647;
			files = (
			);
			runOnlyForDeploymentPostprocessing = 0;
		};
		A97088C025A62630008B3A90 /* Resources */ = {
			isa = PBXResourcesBuildPhase;
			buildActionMask = 2147483647;
			files = (
			);
			runOnlyForDeploymentPostprocessing = 0;
		};
/* End PBXResourcesBuildPhase section */

/* Begin PBXSourcesBuildPhase section */
		A970889D25A6262F008B3A90 /* Sources */ = {
			isa = PBXSourcesBuildPhase;
			buildActionMask = 2147483647;
			files = (
				A97088A525A6262F008B3A90 /* AppDelegate.swift in Sources */,
				A97088A725A6262F008B3A90 /* SceneDelegate.swift in Sources */,
				A97088A925A6262F008B3A90 /* ContentView.swift in Sources */,
			);
			runOnlyForDeploymentPostprocessing = 0;
		};
		A97088B325A62630008B3A90 /* Sources */ = {
			isa = PBXSourcesBuildPhase;
			buildActionMask = 2147483647;
			files = (
				A97088BC25A62630008B3A90 /* simpleEduAppTests.swift in Sources */,
			);
			runOnlyForDeploymentPostprocessing = 0;
		};
		A97088BE25A62630008B3A90 /* Sources */ = {
			isa = PBXSourcesBuildPhase;
			buildActionMask = 2147483647;
			files = (
				A97088C725A62630008B3A90 /* simpleEduAppUITests.swift in Sources */,
			);
			runOnlyForDeploymentPostprocessing = 0;
		};
/* End PBXSourcesBuildPhase section */

/* Begin PBXTargetDependency section */
		A97088B925A62630008B3A90 /* PBXTargetDependency */ = {
			isa = PBXTargetDependency;
			target = A97088A025A6262F008B3A90 /* simpleEduApp */;
			targetProxy = A97088B825A62630008B3A90 /* PBXContainerItemProxy */;
		};
		A97088C425A62630008B3A90 /* PBXTargetDependency */ = {
			isa = PBXTargetDependency;
			target = A97088A025A6262F008B3A90 /* simpleEduApp */;
			targetProxy = A97088C325A62630008B3A90 /* PBXContainerItemProxy */;
		};
/* End PBXTargetDependency section */

/* Begin PBXVariantGroup section */
		A97088AF25A6262F008B3A90 /* LaunchScreen.storyboard */ = {
			isa = PBXVariantGroup;
			children = (
				A97088B025A6262F008B3A90 /* Base */,
			);
			name = LaunchScreen.storyboard;
			sourceTree = "<group>";
		};
/* End PBXVariantGroup section */

/* Begin XCBuildConfiguration section */
		A97088C925A62630008B3A90 /* Debug */ = {
			isa = XCBuildConfiguration;
			buildSettings = {
				ALWAYS_SEARCH_USER_PATHS = NO;
				CLANG_ANALYZER_NONNULL = YES;
				CLANG_ANALYZER_NUMBER_OBJECT_CONVERSION = YES_AGGRESSIVE;
				CLANG_CXX_LANGUAGE_STANDARD = "gnu++14";
				CLANG_CXX_LIBRARY = "libc++";
				CLANG_ENABLE_MODULES = YES;
				CLANG_ENABLE_OBJC_ARC = YES;
				CLANG_ENABLE_OBJC_WEAK = YES;
				CLANG_WARN_BLOCK_CAPTURE_AUTORELEASING = YES;
				CLANG_WARN_BOOL_CONVERSION = YES;
				CLANG_WARN_COMMA = YES;
				CLANG_WARN_CONSTANT_CONVERSION = YES;
				CLANG_WARN_DEPRECATED_OBJC_IMPLEMENTATIONS = YES;
				CLANG_WARN_DIRECT_OBJC_ISA_USAGE = YES_ERROR;
				CLANG_WARN_DOCUMENTATION_COMMENTS = YES;
				CLANG_WARN_EMPTY_BODY = YES;
				CLANG_WARN_ENUM_CONVERSION = YES;
				CLANG_WARN_INFINITE_RECURSION = YES;
				CLANG_WARN_INT_CONVERSION = YES;
				CLANG_WARN_NON_LITERAL_NULL_CONVERSION = YES;
				CLANG_WARN_OBJC_IMPLICIT_RETAIN_SELF = YES;
				CLANG_WARN_OBJC_LITERAL_CONVERSION = YES;
				CLANG_WARN_OBJC_ROOT_CLASS = YES_ERROR;
				CLANG_WARN_QUOTED_INCLUDE_IN_FRAMEWORK_HEADER = YES;
				CLANG_WARN_RANGE_LOOP_ANALYSIS = YES;
				CLANG_WARN_STRICT_PROTOTYPES = YES;
				CLANG_WARN_SUSPICIOUS_MOVE = YES;
				CLANG_WARN_UNGUARDED_AVAILABILITY = YES_AGGRESSIVE;
				CLANG_WARN_UNREACHABLE_CODE = YES;
				CLANG_WARN__DUPLICATE_METHOD_MATCH = YES;
				COPY_PHASE_STRIP = NO;
				DEBUG_INFORMATION_FORMAT = dwarf;
				ENABLE_STRICT_OBJC_MSGSEND = YES;
				ENABLE_TESTABILITY = YES;
				GCC_C_LANGUAGE_STANDARD = gnu11;
				GCC_DYNAMIC_NO_PIC = NO;
				GCC_NO_COMMON_BLOCKS = YES;
				GCC_OPTIMIZATION_LEVEL = 0;
				GCC_PREPROCESSOR_DEFINITIONS = (
					"DEBUG=1",
					"$(inherited)",
				);
				GCC_WARN_64_TO_32_BIT_CONVERSION = YES;
				GCC_WARN_ABOUT_RETURN_TYPE = YES_ERROR;
				GCC_WARN_UNDECLARED_SELECTOR = YES;
				GCC_WARN_UNINITIALIZED_AUTOS = YES_AGGRESSIVE;
				GCC_WARN_UNUSED_FUNCTION = YES;
				GCC_WARN_UNUSED_VARIABLE = YES;
				IPHONEOS_DEPLOYMENT_TARGET = 13.0;
				MTL_ENABLE_DEBUG_INFO = INCLUDE_SOURCE;
				MTL_FAST_MATH = YES;
				ONLY_ACTIVE_ARCH = YES;
				SDKROOT = iphoneos;
				SWIFT_ACTIVE_COMPILATION_CONDITIONS = DEBUG;
				SWIFT_OPTIMIZATION_LEVEL = "-Onone";
			};
			name = Debug;
		};
		A97088CA25A62630008B3A90 /* Release */ = {
			isa = XCBuildConfiguration;
			buildSettings = {
				ALWAYS_SEARCH_USER_PATHS = NO;
				CLANG_ANALYZER_NONNULL = YES;
				CLANG_ANALYZER_NUMBER_OBJECT_CONVERSION = YES_AGGRESSIVE;
				CLANG_CXX_LANGUAGE_STANDARD = "gnu++14";
				CLANG_CXX_LIBRARY = "libc++";
				CLANG_ENABLE_MODULES = YES;
				CLANG_ENABLE_OBJC_ARC = YES;
				CLANG_ENABLE_OBJC_WEAK = YES;
				CLANG_WARN_BLOCK_CAPTURE_AUTORELEASING = YES;
				CLANG_WARN_BOOL_CONVERSION = YES;
				CLANG_WARN_COMMA = YES;
				CLANG_WARN_CONSTANT_CONVERSION = YES;
				CLANG_WARN_DEPRECATED_OBJC_IMPLEMENTATIONS = YES;
				CLANG_WARN_DIRECT_OBJC_ISA_USAGE = YES_ERROR;
				CLANG_WARN_DOCUMENTATION_COMMENTS = YES;
				CLANG_WARN_EMPTY_BODY = YES;
				CLANG_WARN_ENUM_CONVERSION = YES;
				CLANG_WARN_INFINITE_RECURSION = YES;
				CLANG_WARN_INT_CONVERSION = YES;
				CLANG_WARN_NON_LITERAL_NULL_CONVERSION = YES;
				CLANG_WARN_OBJC_IMPLICIT_RETAIN_SELF = YES;
				CLANG_WARN_OBJC_LITERAL_CONVERSION = YES;
				CLANG_WARN_OBJC_ROOT_CLASS = YES_ERROR;
				CLANG_WARN_QUOTED_INCLUDE_IN_FRAMEWORK_HEADER = YES;
				CLANG_WARN_RANGE_LOOP_ANALYSIS = YES;
				CLANG_WARN_STRICT_PROTOTYPES = YES;
				CLANG_WARN_SUSPICIOUS_MOVE = YES;
				CLANG_WARN_UNGUARDED_AVAILABILITY = YES_AGGRESSIVE;
				CLANG_WARN_UNREACHABLE_CODE = YES;
				CLANG_WARN__DUPLICATE_METHOD_MATCH = YES;
				COPY_PHASE_STRIP = NO;
				DEBUG_INFORMATION_FORMAT = "dwarf-with-dsym";
				ENABLE_NS_ASSERTIONS = NO;
				ENABLE_STRICT_OBJC_MSGSEND = YES;
				GCC_C_LANGUAGE_STANDARD = gnu11;
				GCC_NO_COMMON_BLOCKS = YES;
				GCC_WARN_64_TO_32_BIT_CONVERSION = YES;
				GCC_WARN_ABOUT_RETURN_TYPE = YES_ERROR;
				GCC_WARN_UNDECLARED_SELECTOR = YES;
				GCC_WARN_UNINITIALIZED_AUTOS = YES_AGGRESSIVE;
				GCC_WARN_UNUSED_FUNCTION = YES;
				GCC_WARN_UNUSED_VARIABLE = YES;
				IPHONEOS_DEPLOYMENT_TARGET = 13.0;
				MTL_ENABLE_DEBUG_INFO = NO;
				MTL_FAST_MATH = YES;
				SDKROOT = iphoneos;
				SWIFT_COMPILATION_MODE = wholemodule;
				SWIFT_OPTIMIZATION_LEVEL = "-O";
				VALIDATE_PRODUCT = YES;
			};
			name = Release;
		};
		A97088CC25A62630008B3A90 /* Debug */ = {
			isa = XCBuildConfiguration;
			buildSettings = {
				ASSETCATALOG_COMPILER_APPICON_NAME = AppIcon;
				ASSETCATALOG_COMPILER_GLOBAL_ACCENT_COLOR_NAME = AccentColor;
				CODE_SIGN_STYLE = Automatic;
				DEVELOPMENT_ASSET_PATHS = "\"simpleEduApp/Preview Content\"";
				DEVELOPMENT_TEAM = J5T564JM4P;
				ENABLE_PREVIEWS = YES;
				INFOPLIST_FILE = simpleEduApp/Info.plist;
				IPHONEOS_DEPLOYMENT_TARGET = 13.0;
				LD_RUNPATH_SEARCH_PATHS = (
					"$(inherited)",
					"@executable_path/Frameworks",
				);
				PRODUCT_BUNDLE_IDENTIFIER = none.simpleEduApp;
				PRODUCT_NAME = "$(TARGET_NAME)";
				SWIFT_VERSION = 5.0;
				TARGETED_DEVICE_FAMILY = 1;
			};
			name = Debug;
		};
		A97088CD25A62630008B3A90 /* Release */ = {
			isa = XCBuildConfiguration;
			buildSettings = {
				ASSETCATALOG_COMPILER_APPICON_NAME = AppIcon;
				ASSETCATALOG_COMPILER_GLOBAL_ACCENT_COLOR_NAME = AccentColor;
				CODE_SIGN_STYLE = Automatic;
				DEVELOPMENT_ASSET_PATHS = "\"simpleEduApp/Preview Content\"";
				DEVELOPMENT_TEAM = J5T564JM4P;
				ENABLE_PREVIEWS = YES;
				INFOPLIST_FILE = simpleEduApp/Info.plist;
				IPHONEOS_DEPLOYMENT_TARGET = 13.0;
				LD_RUNPATH_SEARCH_PATHS = (
					"$(inherited)",
					"@executable_path/Frameworks",
				);
				PRODUCT_BUNDLE_IDENTIFIER = none.simpleEduApp;
				PRODUCT_NAME = "$(TARGET_NAME)";
				SWIFT_VERSION = 5.0;
				TARGETED_DEVICE_FAMILY = 1;
			};
			name = Release;
		};
		A97088CF25A62630008B3A90 /* Debug */ = {
			isa = XCBuildConfiguration;
			buildSettings = {
				ALWAYS_EMBED_SWIFT_STANDARD_LIBRARIES = YES;
				BUNDLE_LOADER = "$(TEST_HOST)";
				CODE_SIGN_STYLE = Automatic;
				DEVELOPMENT_TEAM = J5T564JM4P;
				INFOPLIST_FILE = simpleEduAppTests/Info.plist;
				IPHONEOS_DEPLOYMENT_TARGET = 14.2;
				LD_RUNPATH_SEARCH_PATHS = (
					"$(inherited)",
					"@executable_path/Frameworks",
					"@loader_path/Frameworks",
				);
				PRODUCT_BUNDLE_IDENTIFIER = none.simpleEduAppTests;
				PRODUCT_NAME = "$(TARGET_NAME)";
				SWIFT_VERSION = 5.0;
				TARGETED_DEVICE_FAMILY = "1,2";
				TEST_HOST = "$(BUILT_PRODUCTS_DIR)/simpleEduApp.app/simpleEduApp";
			};
			name = Debug;
		};
		A97088D025A62630008B3A90 /* Release */ = {
			isa = XCBuildConfiguration;
			buildSettings = {
				ALWAYS_EMBED_SWIFT_STANDARD_LIBRARIES = YES;
				BUNDLE_LOADER = "$(TEST_HOST)";
				CODE_SIGN_STYLE = Automatic;
				DEVELOPMENT_TEAM = J5T564JM4P;
				INFOPLIST_FILE = simpleEduAppTests/Info.plist;
				IPHONEOS_DEPLOYMENT_TARGET = 14.2;
				LD_RUNPATH_SEARCH_PATHS = (
					"$(inherited)",
					"@executable_path/Frameworks",
					"@loader_path/Frameworks",
				);
				PRODUCT_BUNDLE_IDENTIFIER = none.simpleEduAppTests;
				PRODUCT_NAME = "$(TARGET_NAME)";
				SWIFT_VERSION = 5.0;
				TARGETED_DEVICE_FAMILY = "1,2";
				TEST_HOST = "$(BUILT_PRODUCTS_DIR)/simpleEduApp.app/simpleEduApp";
			};
			name = Release;
		};
		A97088D225A62630008B3A90 /* Debug */ = {
			isa = XCBuildConfiguration;
			buildSettings = {
				ALWAYS_EMBED_SWIFT_STANDARD_LIBRARIES = YES;
				CODE_SIGN_STYLE = Automatic;
				DEVELOPMENT_TEAM = J5T564JM4P;
				INFOPLIST_FILE = simpleEduAppUITests/Info.plist;
				LD_RUNPATH_SEARCH_PATHS = (
					"$(inherited)",
					"@executable_path/Frameworks",
					"@loader_path/Frameworks",
				);
				PRODUCT_BUNDLE_IDENTIFIER = none.simpleEduAppUITests;
				PRODUCT_NAME = "$(TARGET_NAME)";
				SWIFT_VERSION = 5.0;
				TARGETED_DEVICE_FAMILY = "1,2";
				TEST_TARGET_NAME = simpleEduApp;
			};
			name = Debug;
		};
		A97088D325A62630008B3A90 /* Release */ = {
			isa = XCBuildConfiguration;
			buildSettings = {
				ALWAYS_EMBED_SWIFT_STANDARD_LIBRARIES = YES;
				CODE_SIGN_STYLE = Automatic;
				DEVELOPMENT_TEAM = J5T564JM4P;
				INFOPLIST_FILE = simpleEduAppUITests/Info.plist;
				LD_RUNPATH_SEARCH_PATHS = (
					"$(inherited)",
					"@executable_path/Frameworks",
					"@loader_path/Frameworks",
				);
				PRODUCT_BUNDLE_IDENTIFIER = none.simpleEduAppUITests;
				PRODUCT_NAME = "$(TARGET_NAME)";
				SWIFT_VERSION = 5.0;
				TARGETED_DEVICE_FAMILY = "1,2";
				TEST_TARGET_NAME = simpleEduApp;
			};
			name = Release;
		};
/* End XCBuildConfiguration section */

/* Begin XCConfigurationList section */
		A970889C25A6262F008B3A90 /* Build configuration list for PBXProject "simpleEduApp" */ = {
			isa = XCConfigurationList;
			buildConfigurations = (
				A97088C925A62630008B3A90 /* Debug */,
				A97088CA25A62630008B3A90 /* Release */,
			);
			defaultConfigurationIsVisible = 0;
			defaultConfigurationName = Release;
		};
		A97088CB25A62630008B3A90 /* Build configuration list for PBXNativeTarget "simpleEduApp" */ = {
			isa = XCConfigurationList;
			buildConfigurations = (
				A97088CC25A62630008B3A90 /* Debug */,
				A97088CD25A62630008B3A90 /* Release */,
			);
			defaultConfigurationIsVisible = 0;
			defaultConfigurationName = Release;
		};
		A97088CE25A62630008B3A90 /* Build configuration list for PBXNativeTarget "simpleEduAppTests" */ = {
			isa = XCConfigurationList;
			buildConfigurations = (
				A97088CF25A62630008B3A90 /* Debug */,
				A97088D025A62630008B3A90 /* Release */,
			);
			defaultConfigurationIsVisible = 0;
			defaultConfigurationName = Release;
		};
		A97088D125A62630008B3A90 /* Build configuration list for PBXNativeTarget "simpleEduAppUITests" */ = {
			isa = XCConfigurationList;
			buildConfigurations = (
				A97088D225A62630008B3A90 /* Debug */,
				A97088D325A62630008B3A90 /* Release */,
			);
			defaultConfigurationIsVisible = 0;
			defaultConfigurationName = Release;
		};
/* End XCConfigurationList section */
	};
	rootObject = A970889925A6262F008B3A90 /* Project object */;
}
